
Microsoft Visual Studio Solution File, Format Version 12.00
# Visual Studio Version 17
VisualStudioVersion = 17.7.34221.43
MinimumVisualStudioVersion = 10.0.40219.1
Project("{2150E333-8FDC-42A3-9474-1A3956D46DE8}") = "Solution Items", "Solution Items", "{83FAE02F-9D12-4F55-9B14-B4D413354387}"
	ProjectSection(SolutionItems) = preProject
		ThrowAway\.editorconfig = ThrowAway\.editorconfig
	EndProjectSection
EndProject
Project("{9A19103F-16F7-4668-BE54-9A1E7A4F7556}") = "ThrowAway", "ThrowAway\ThrowAway.csproj", "{944135DD-5FA3-4F9D-BE33-4FD549935878}"
EndProject
Project("{9A19103F-16F7-4668-BE54-9A1E7A4F7556}") = "ThrowAway.Tests", "ThrowAway.Tests\ThrowAway.Tests.csproj", "{E0F47B3F-D479-490C-9D54-DB81AFDFB173}"
EndProject
Global
	GlobalSection(SolutionConfigurationPlatforms) = preSolution
		Debug|Any CPU = Debug|Any CPU
		Release|Any CPU = Release|Any CPU
	EndGlobalSection
	GlobalSection(ProjectConfigurationPlatforms) = postSolution
		{944135DD-5FA3-4F9D-BE33-4FD549935878}.Debug|Any CPU.ActiveCfg = Debug|Any CPU
		{944135DD-5FA3-4F9D-BE33-4FD549935878}.Debug|Any CPU.Build.0 = Debug|Any CPU
		{944135DD-5FA3-4F9D-BE33-4FD549935878}.Release|Any CPU.ActiveCfg = Release|Any CPU
		{944135DD-5FA3-4F9D-BE33-4FD549935878}.Release|Any CPU.Build.0 = Release|Any CPU
		{E0F47B3F-D479-490C-9D54-DB81AFDFB173}.Debug|Any CPU.ActiveCfg = Debug|Any CPU
		{E0F47B3F-D479-490C-9D54-DB81AFDFB173}.Debug|Any CPU.Build.0 = Debug|Any CPU
		{E0F47B3F-D479-490C-9D54-DB81AFDFB173}.Release|Any CPU.ActiveCfg = Release|Any CPU
		{E0F47B3F-D479-490C-9D54-DB81AFDFB173}.Release|Any CPU.Build.0 = Release|Any CPU
	EndGlobalSection
	GlobalSection(SolutionProperties) = preSolution
		HideSolutionNode = FALSE
	EndGlobalSection
	GlobalSection(ExtensibilityGlobals) = postSolution
		SolutionGuid = {214866C6-C6EC-4A9C-A394-E1725A0EEBAC}
	EndGlobalSection
EndGlobal
